
Microsoft Visual Studio Solution File, Format Version 12.00
# Visual Studio Version 17
VisualStudioVersion = 17.10.34928.147
MinimumVisualStudioVersion = 10.0.40219.1
Project("{FAE04EC0-301F-11D3-BF4B-00C04F79EFBC}") = "ExercicioFixacao", "ExercicioFixacao.csproj", "{E78A7816-12AB-4EE7-8F9C-709E0E30F2AB}"
EndProject
Global
	GlobalSection(SolutionConfigurationPlatforms) = preSolution
		Debug|Any CPU = Debug|Any CPU
		Release|Any CPU = Release|Any CPU
	EndGlobalSection
	GlobalSection(ProjectConfigurationPlatforms) = postSolution
		{E78A7816-12AB-4EE7-8F9C-709E0E30F2AB}.Debug|Any CPU.ActiveCfg = Debug|Any CPU
		{E78A7816-12AB-4EE7-8F9C-709E0E30F2AB}.Debug|Any CPU.Build.0 = Debug|Any CPU
		{E78A7816-12AB-4EE7-8F9C-709E0E30F2AB}.Release|Any CPU.ActiveCfg = Release|Any CPU
		{E78A7816-12AB-4EE7-8F9C-709E0E30F2AB}.Release|Any CPU.Build.0 = Release|Any CPU
	EndGlobalSection
	GlobalSection(SolutionProperties) = preSolution
		HideSolutionNode = FALSE
	EndGlobalSection
	GlobalSection(ExtensibilityGlobals) = postSolution
		SolutionGuid = {0F3EA1EE-8E2F-4CE8-8CAA-21A4AE8B19D4}
	EndGlobalSection
EndGlobal
